
Microsoft Visual Studio Solution File, Format Version 12.00
# Visual Studio 14
VisualStudioVersion = 14.0.25420.1
MinimumVisualStudioVersion = 10.0.40219.1
Project("{FAE04EC0-301F-11D3-BF4B-00C04F79EFBC}") = "AutoServiceMathine", "AutoServiceMathine\AutoServiceMathine.csproj", "{60519E3E-D232-4B4C-A14E-A9D17E75D081}"
EndProject
Project("{FAE04EC0-301F-11D3-BF4B-00C04F79EFBC}") = "BasicInfo", "BasicInfo\BasicInfo.csproj", "{50194423-DD91-456B-9A50-BD3CF324DE3C}"
EndProject
Global
	GlobalSection(SolutionConfigurationPlatforms) = preSolution
		Debug|Any CPU = Debug|Any CPU
		Release|Any CPU = Release|Any CPU
	EndGlobalSection
	GlobalSection(ProjectConfigurationPlatforms) = postSolution
		{60519E3E-D232-4B4C-A14E-A9D17E75D081}.Debug|Any CPU.ActiveCfg = Debug|Any CPU
		{60519E3E-D232-4B4C-A14E-A9D17E75D081}.Debug|Any CPU.Build.0 = Debug|Any CPU
		{60519E3E-D232-4B4C-A14E-A9D17E75D081}.Release|Any CPU.ActiveCfg = Release|Any CPU
		{60519E3E-D232-4B4C-A14E-A9D17E75D081}.Release|Any CPU.Build.0 = Release|Any CPU
		{50194423-DD91-456B-9A50-BD3CF324DE3C}.Debug|Any CPU.ActiveCfg = Debug|Any CPU
		{50194423-DD91-456B-9A50-BD3CF324DE3C}.Debug|Any CPU.Build.0 = Debug|Any CPU
		{50194423-DD91-456B-9A50-BD3CF324DE3C}.Release|Any CPU.ActiveCfg = Release|Any CPU
		{50194423-DD91-456B-9A50-BD3CF324DE3C}.Release|Any CPU.Build.0 = Release|Any CPU
	EndGlobalSection
	GlobalSection(SolutionProperties) = preSolution
		HideSolutionNode = FALSE
	EndGlobalSection
EndGlobal
